
Microsoft Visual Studio Solution File, Format Version 12.00
# Visual Studio 15
Project("{FAE04EC0-301F-11D3-BF4B-00C04F79EFBC}") = "Assembly-CSharp", "Assembly-CSharp.csproj", "{16705410-2152-0A52-521F-98A98618DFB1}"
EndProject
Project("{FAE04EC0-301F-11D3-BF4B-00C04F79EFBC}") = "Assembly-CSharp-Editor", "Assembly-CSharp-Editor.csproj", "{C1EC6A04-6738-D00C-AF9F-F6FCDC6FB6B5}"
EndProject
Global
	GlobalSection(SolutionConfigurationPlatforms) = preSolution
		Debug|Any CPU = Debug|Any CPU
		Release|Any CPU = Release|Any CPU
	EndGlobalSection
	GlobalSection(ProjectConfigurationPlatforms) = postSolution
		{16705410-2152-0A52-521F-98A98618DFB1}.Debug|Any CPU.ActiveCfg = Debug|Any CPU
		{16705410-2152-0A52-521F-98A98618DFB1}.Debug|Any CPU.Build.0 = Debug|Any CPU
		{16705410-2152-0A52-521F-98A98618DFB1}.Release|Any CPU.ActiveCfg = Release|Any CPU
		{16705410-2152-0A52-521F-98A98618DFB1}.Release|Any CPU.Build.0 = Release|Any CPU
		{C1EC6A04-6738-D00C-AF9F-F6FCDC6FB6B5}.Debug|Any CPU.ActiveCfg = Debug|Any CPU
		{C1EC6A04-6738-D00C-AF9F-F6FCDC6FB6B5}.Debug|Any CPU.Build.0 = Debug|Any CPU
		{C1EC6A04-6738-D00C-AF9F-F6FCDC6FB6B5}.Release|Any CPU.ActiveCfg = Release|Any CPU
		{C1EC6A04-6738-D00C-AF9F-F6FCDC6FB6B5}.Release|Any CPU.Build.0 = Release|Any CPU
	EndGlobalSection
	GlobalSection(SolutionProperties) = preSolution
		HideSolutionNode = FALSE
	EndGlobalSection
EndGlobal
